github.com/bearmini/bitstream-go v0.0.0-20190121230027-bec1c9ea0d3c h1:4RL7ENhXVDHqTk7vSgM7zUNHdYW7LfWUIBH2WZ/FZLc=
github.com/bearmini/bitstream-go v0.0.0-20190121230027-bec1c9ea0d3c/go.mod h1:keOh1QpnRe0nCHGjev5R37jMl0zlLP+3ktETWfa4eik=
github.com/ingotmc/nbt v0.0.1 h1:qP/vKrrWkw0Q9mXY1WUmIWSvaDDgCXebD1ybYspbYLY=
github.com/ingotmc/nbt v0.0.1/go.mod h1:U+IINL7lKUZW3dM0jCGBOV0Oy6+ibI8ElBQ9VW9QH1M=
github.com/ojrac/opensimplex-go v1.0.1 h1:XslvpLP6XqQSATUtsOnGBYtFPw7FQ6h6y0ihjVeOLHo=
github.com/ojrac/opensimplex-go v1.0.1/go.mod h1:MoSgj04tZpH8U0RefZabnHV2AbLgv/2mo3hLJtWqSEs=
github.com/pkg/errors v0.8.0 h1:WdK/asTD0HN+q6hsWO3/vpuAkAr+tw6aNJNDFFf0+qw=
github.com/pkg/errors v0.8.0/go.mod h1:bwawxfHBFNV+L2hUp1rHADufV3IMtnDRdf1r5NINEl0=
